
Microsoft Visual Studio Solution File, Format Version 12.00
# Visual Studio Version 17
VisualStudioVersion = 17.8.34330.188
MinimumVisualStudioVersion = 10.0.40219.1
Project("{8BC9CEB8-8B4A-11D0-8D11-00A0C91BC942}") = "实验三（2）", "实验三（2）.vcxproj", "{AF7D8D40-5EA9-4A67-80A0-7BA64E756F6F}"
EndProject
Global
	GlobalSection(SolutionConfigurationPlatforms) = preSolution
		Debug|x64 = Debug|x64
		Debug|x86 = Debug|x86
		Release|x64 = Release|x64
		Release|x86 = Release|x86
	EndGlobalSection
	GlobalSection(ProjectConfigurationPlatforms) = postSolution
		{AF7D8D40-5EA9-4A67-80A0-7BA64E756F6F}.Debug|x64.ActiveCfg = Debug|x64
		{AF7D8D40-5EA9-4A67-80A0-7BA64E756F6F}.Debug|x64.Build.0 = Debug|x64
		{AF7D8D40-5EA9-4A67-80A0-7BA64E756F6F}.Debug|x86.ActiveCfg = Debug|Win32
		{AF7D8D40-5EA9-4A67-80A0-7BA64E756F6F}.Debug|x86.Build.0 = Debug|Win32
		{AF7D8D40-5EA9-4A67-80A0-7BA64E756F6F}.Release|x64.ActiveCfg = Release|x64
		{AF7D8D40-5EA9-4A67-80A0-7BA64E756F6F}.Release|x64.Build.0 = Release|x64
		{AF7D8D40-5EA9-4A67-80A0-7BA64E756F6F}.Release|x86.ActiveCfg = Release|Win32
		{AF7D8D40-5EA9-4A67-80A0-7BA64E756F6F}.Release|x86.Build.0 = Release|Win32
	EndGlobalSection
	GlobalSection(SolutionProperties) = preSolution
		HideSolutionNode = FALSE
	EndGlobalSection
	GlobalSection(ExtensibilityGlobals) = postSolution
		SolutionGuid = {2ACD109E-E8FD-4CD7-B299-AA666F327DE6}
	EndGlobalSection
EndGlobal
